{
  "name": "calib",
  "version": "1.0.0",
  "lockfileVersion": 3,
  "requires": true,
  "packages": {
    "": {
      "name": "calib",
      "version": "1.0.0",
      "license": "ISC",
      "dependencies": {
        "@smogon/calc": "^0.12.0"
      }
    },
    "node_modules/@smogon/calc": {
      "version": "0.12.0",
      "resolved": "https://registry.npmmirror.com/@smogon/calc/-/calc-0.12.0.tgz",
      "integrity": "sha512-rNkdYV/ZGIugxD+hZlHdDaZLdGPYRIm+AaMFM18X2T2Pf8jpuuro9aoeiaZh51zcRR4tN3NRjSPoEXZ5ZDTuuA==",
      "license": "MIT",
      "dependencies": {
        "@types/node": "^18.14.2"
      }
    },
    "node_modules/@types/node": {
      "version": "18.19.130",
      "resolved": "https://registry.npmmirror.com/@types/node/-/node-18.19.130.tgz",
      "integrity": "sha512-GRaXQx6jGfL8sKfaIDD6OupbIHBr9jv7Jnaml9tB7l4v068PAOXqfcujMMo5PhbIs6ggR1XODELqahT2R8v0fg==",
      "license": "MIT",
      "dependencies": {
        "undici-types": "~5.26.4"
      }
    },
    "node_modules/undici-types": {
      "version": "5.26.5",
      "resolved": "https://registry.npmmirror.com/undici-types/-/undici-types-5.26.5.tgz",
      "integrity": "sha512-JlCMO+ehdEIKqlFxk6IfVoAUVmgz7cU7zD/h9XZ0qzeosSHmUJVOzSQvvYSYWXkFXC+IfLKSIffhv0sVZup6pA==",
      "license": "MIT"
    }
  }
}
